
Microsoft Visual Studio Solution File, Format Version 12.00
# Visual Studio Version 17
VisualStudioVersion = 17.1.32421.90
MinimumVisualStudioVersion = 10.0.40219.1
Project("{FAE04EC0-301F-11D3-BF4B-00C04F79EFBC}") = "Domain", "Domain\Domain.csproj", "{9B7CC163-3F0A-4922-A33C-5BBF4483C610}"
EndProject
Project("{FAE04EC0-301F-11D3-BF4B-00C04F79EFBC}") = "Infrastructure", "Infrastructure\Infrastructure.csproj", "{CA047695-E7A4-4073-9D45-B20224892682}"
EndProject
Project("{FAE04EC0-301F-11D3-BF4B-00C04F79EFBC}") = "Application", "Application\Application.csproj", "{E1B8135F-81E6-4173-93D4-80B732D19873}"
EndProject
Project("{FAE04EC0-301F-11D3-BF4B-00C04F79EFBC}") = "RentACarApi", "RentACarApi\RentACarApi.csproj", "{AFCDCB8E-5769-44A3-9376-6526D775C5B2}"
EndProject
Global
	GlobalSection(SolutionConfigurationPlatforms) = preSolution
		Debug|Any CPU = Debug|Any CPU
		Release|Any CPU = Release|Any CPU
	EndGlobalSection
	GlobalSection(ProjectConfigurationPlatforms) = postSolution
		{9B7CC163-3F0A-4922-A33C-5BBF4483C610}.Debug|Any CPU.ActiveCfg = Debug|Any CPU
		{9B7CC163-3F0A-4922-A33C-5BBF4483C610}.Debug|Any CPU.Build.0 = Debug|Any CPU
		{9B7CC163-3F0A-4922-A33C-5BBF4483C610}.Release|Any CPU.ActiveCfg = Release|Any CPU
		{9B7CC163-3F0A-4922-A33C-5BBF4483C610}.Release|Any CPU.Build.0 = Release|Any CPU
		{CA047695-E7A4-4073-9D45-B20224892682}.Debug|Any CPU.ActiveCfg = Debug|Any CPU
		{CA047695-E7A4-4073-9D45-B20224892682}.Debug|Any CPU.Build.0 = Debug|Any CPU
		{CA047695-E7A4-4073-9D45-B20224892682}.Release|Any CPU.ActiveCfg = Release|Any CPU
		{CA047695-E7A4-4073-9D45-B20224892682}.Release|Any CPU.Build.0 = Release|Any CPU
		{E1B8135F-81E6-4173-93D4-80B732D19873}.Debug|Any CPU.ActiveCfg = Debug|Any CPU
		{E1B8135F-81E6-4173-93D4-80B732D19873}.Debug|Any CPU.Build.0 = Debug|Any CPU
		{E1B8135F-81E6-4173-93D4-80B732D19873}.Release|Any CPU.ActiveCfg = Release|Any CPU
		{E1B8135F-81E6-4173-93D4-80B732D19873}.Release|Any CPU.Build.0 = Release|Any CPU
		{AFCDCB8E-5769-44A3-9376-6526D775C5B2}.Debug|Any CPU.ActiveCfg = Debug|Any CPU
		{AFCDCB8E-5769-44A3-9376-6526D775C5B2}.Debug|Any CPU.Build.0 = Debug|Any CPU
		{AFCDCB8E-5769-44A3-9376-6526D775C5B2}.Release|Any CPU.ActiveCfg = Release|Any CPU
		{AFCDCB8E-5769-44A3-9376-6526D775C5B2}.Release|Any CPU.Build.0 = Release|Any CPU
	EndGlobalSection
	GlobalSection(SolutionProperties) = preSolution
		HideSolutionNode = FALSE
	EndGlobalSection
	GlobalSection(ExtensibilityGlobals) = postSolution
		SolutionGuid = {615CB16E-3076-4FA3-A9B4-A0DD2EB71E7E}
	EndGlobalSection
EndGlobal
